
Microsoft Visual Studio Solution File, Format Version 12.00
# Visual Studio Version 17
VisualStudioVersion = 17.8.34330.188
MinimumVisualStudioVersion = 10.0.40219.1
Project("{FAE04EC0-301F-11D3-BF4B-00C04F79EFBC}") = "Account.API", "src\Account\Account.API\Account.API.csproj", "{FBC3A0D6-FACB-658D-35E2-BD3CCFF6B975}"
EndProject
Project("{FAE04EC0-301F-11D3-BF4B-00C04F79EFBC}") = "Acccount.Infrastructure", "src\Account\Acccount.Infrastructure\Acccount.Infrastructure.csproj", "{DBE21AE5-6F78-8DE2-302D-5E6C69871CF2}"
EndProject
Project("{FAE04EC0-301F-11D3-BF4B-00C04F79EFBC}") = "Account.Application", "src\Account\Account.Application\Account.Application.csproj", "{A46010F5-F435-CC57-B232-3521A5F81995}"
EndProject
Project("{FAE04EC0-301F-11D3-BF4B-00C04F79EFBC}") = "Account.Domain", "src\Account\Account.Domain\Account.Domain.csproj", "{2C8B0DB7-126C-F72B-D04A-8E62EE434015}"
EndProject
Project("{2150E333-8FDC-42A3-9474-1A3956D46DE8}") = "src", "src", "{02EA681E-C7D8-13C7-8484-4AC65E1B71E8}"
EndProject
Project("{2150E333-8FDC-42A3-9474-1A3956D46DE8}") = "Account", "Account", "{308A3F86-75C8-4426-94E6-367329E543D0}"
EndProject
Project("{2150E333-8FDC-42A3-9474-1A3956D46DE8}") = "Exam", "Exam", "{12590E6D-34CC-4B85-A9B1-ACFCE17E4AE9}"
EndProject
Project("{2150E333-8FDC-42A3-9474-1A3956D46DE8}") = "Shared", "Shared", "{B5414707-2D05-47C8-BC76-20BAAF67FC2D}"
EndProject
Project("{FAE04EC0-301F-11D3-BF4B-00C04F79EFBC}") = "Exam.API", "src\Exam\Exam.API\Exam.API.csproj", "{363F88C5-2BC7-5F9D-8897-C5E6666A6D4E}"
EndProject
Project("{FAE04EC0-301F-11D3-BF4B-00C04F79EFBC}") = "Exam.Application", "src\Exam\Exam.Application\Exam.Application.csproj", "{D4B42B13-2D4C-78C4-5C4A-20C108EE7BCF}"
EndProject
Project("{FAE04EC0-301F-11D3-BF4B-00C04F79EFBC}") = "Exam.Domain", "src\Exam\Exam.Domain\Exam.Domain.csproj", "{374D4827-7506-C35D-4BC6-F6B6F6F18786}"
EndProject
Project("{FAE04EC0-301F-11D3-BF4B-00C04F79EFBC}") = "Exam.Infrastructure", "src\Exam\Exam.Infrastructure\Exam.Infrastructure.csproj", "{1C66330B-F3BF-A616-807A-9CEFB9A3FE1D}"
EndProject
Project("{FAE04EC0-301F-11D3-BF4B-00C04F79EFBC}") = "SharedResualt", "src\Resault\SharedResualt.csproj", "{E4C1C83E-B89D-A339-1550-88046C65C3E9}"
EndProject
Project("{FAE04EC0-301F-11D3-BF4B-00C04F79EFBC}") = "Quiz_App", "Quiz_System\Quiz_App.csproj", "{6744F3B0-F1B4-D243-63FF-DE543E46CEE5}"
EndProject
Global
	GlobalSection(SolutionConfigurationPlatforms) = preSolution
		Debug|Any CPU = Debug|Any CPU
		Release|Any CPU = Release|Any CPU
	EndGlobalSection
	GlobalSection(ProjectConfigurationPlatforms) = postSolution
		{FBC3A0D6-FACB-658D-35E2-BD3CCFF6B975}.Debug|Any CPU.ActiveCfg = Debug|Any CPU
		{FBC3A0D6-FACB-658D-35E2-BD3CCFF6B975}.Debug|Any CPU.Build.0 = Debug|Any CPU
		{FBC3A0D6-FACB-658D-35E2-BD3CCFF6B975}.Release|Any CPU.ActiveCfg = Release|Any CPU
		{FBC3A0D6-FACB-658D-35E2-BD3CCFF6B975}.Release|Any CPU.Build.0 = Release|Any CPU
		{DBE21AE5-6F78-8DE2-302D-5E6C69871CF2}.Debug|Any CPU.ActiveCfg = Debug|Any CPU
		{DBE21AE5-6F78-8DE2-302D-5E6C69871CF2}.Debug|Any CPU.Build.0 = Debug|Any CPU
		{DBE21AE5-6F78-8DE2-302D-5E6C69871CF2}.Release|Any CPU.ActiveCfg = Release|Any CPU
		{DBE21AE5-6F78-8DE2-302D-5E6C69871CF2}.Release|Any CPU.Build.0 = Release|Any CPU
		{A46010F5-F435-CC57-B232-3521A5F81995}.Debug|Any CPU.ActiveCfg = Debug|Any CPU
		{A46010F5-F435-CC57-B232-3521A5F81995}.Debug|Any CPU.Build.0 = Debug|Any CPU
		{A46010F5-F435-CC57-B232-3521A5F81995}.Release|Any CPU.ActiveCfg = Release|Any CPU
		{A46010F5-F435-CC57-B232-3521A5F81995}.Release|Any CPU.Build.0 = Release|Any CPU
		{2C8B0DB7-126C-F72B-D04A-8E62EE434015}.Debug|Any CPU.ActiveCfg = Debug|Any CPU
		{2C8B0DB7-126C-F72B-D04A-8E62EE434015}.Debug|Any CPU.Build.0 = Debug|Any CPU
		{2C8B0DB7-126C-F72B-D04A-8E62EE434015}.Release|Any CPU.ActiveCfg = Release|Any CPU
		{2C8B0DB7-126C-F72B-D04A-8E62EE434015}.Release|Any CPU.Build.0 = Release|Any CPU
		{363F88C5-2BC7-5F9D-8897-C5E6666A6D4E}.Debug|Any CPU.ActiveCfg = Debug|Any CPU
		{363F88C5-2BC7-5F9D-8897-C5E6666A6D4E}.Debug|Any CPU.Build.0 = Debug|Any CPU
		{363F88C5-2BC7-5F9D-8897-C5E6666A6D4E}.Release|Any CPU.ActiveCfg = Release|Any CPU
		{363F88C5-2BC7-5F9D-8897-C5E6666A6D4E}.Release|Any CPU.Build.0 = Release|Any CPU
		{D4B42B13-2D4C-78C4-5C4A-20C108EE7BCF}.Debug|Any CPU.ActiveCfg = Debug|Any CPU
		{D4B42B13-2D4C-78C4-5C4A-20C108EE7BCF}.Debug|Any CPU.Build.0 = Debug|Any CPU
		{D4B42B13-2D4C-78C4-5C4A-20C108EE7BCF}.Release|Any CPU.ActiveCfg = Release|Any CPU
		{D4B42B13-2D4C-78C4-5C4A-20C108EE7BCF}.Release|Any CPU.Build.0 = Release|Any CPU
		{374D4827-7506-C35D-4BC6-F6B6F6F18786}.Debug|Any CPU.ActiveCfg = Debug|Any CPU
		{374D4827-7506-C35D-4BC6-F6B6F6F18786}.Debug|Any CPU.Build.0 = Debug|Any CPU
		{374D4827-7506-C35D-4BC6-F6B6F6F18786}.Release|Any CPU.ActiveCfg = Release|Any CPU
		{374D4827-7506-C35D-4BC6-F6B6F6F18786}.Release|Any CPU.Build.0 = Release|Any CPU
		{1C66330B-F3BF-A616-807A-9CEFB9A3FE1D}.Debug|Any CPU.ActiveCfg = Debug|Any CPU
		{1C66330B-F3BF-A616-807A-9CEFB9A3FE1D}.Debug|Any CPU.Build.0 = Debug|Any CPU
		{1C66330B-F3BF-A616-807A-9CEFB9A3FE1D}.Release|Any CPU.ActiveCfg = Release|Any CPU
		{1C66330B-F3BF-A616-807A-9CEFB9A3FE1D}.Release|Any CPU.Build.0 = Release|Any CPU
		{E4C1C83E-B89D-A339-1550-88046C65C3E9}.Debug|Any CPU.ActiveCfg = Debug|Any CPU
		{E4C1C83E-B89D-A339-1550-88046C65C3E9}.Debug|Any CPU.Build.0 = Debug|Any CPU
		{E4C1C83E-B89D-A339-1550-88046C65C3E9}.Release|Any CPU.ActiveCfg = Release|Any CPU
		{E4C1C83E-B89D-A339-1550-88046C65C3E9}.Release|Any CPU.Build.0 = Release|Any CPU
		{6744F3B0-F1B4-D243-63FF-DE543E46CEE5}.Debug|Any CPU.ActiveCfg = Debug|Any CPU
		{6744F3B0-F1B4-D243-63FF-DE543E46CEE5}.Debug|Any CPU.Build.0 = Debug|Any CPU
		{6744F3B0-F1B4-D243-63FF-DE543E46CEE5}.Release|Any CPU.ActiveCfg = Release|Any CPU
		{6744F3B0-F1B4-D243-63FF-DE543E46CEE5}.Release|Any CPU.Build.0 = Release|Any CPU
	EndGlobalSection
	GlobalSection(SolutionProperties) = preSolution
		HideSolutionNode = FALSE
	EndGlobalSection
	GlobalSection(NestedProjects) = preSolution
		{FBC3A0D6-FACB-658D-35E2-BD3CCFF6B975} = {308A3F86-75C8-4426-94E6-367329E543D0}
		{DBE21AE5-6F78-8DE2-302D-5E6C69871CF2} = {308A3F86-75C8-4426-94E6-367329E543D0}
		{A46010F5-F435-CC57-B232-3521A5F81995} = {308A3F86-75C8-4426-94E6-367329E543D0}
		{2C8B0DB7-126C-F72B-D04A-8E62EE434015} = {308A3F86-75C8-4426-94E6-367329E543D0}
		{308A3F86-75C8-4426-94E6-367329E543D0} = {02EA681E-C7D8-13C7-8484-4AC65E1B71E8}
		{12590E6D-34CC-4B85-A9B1-ACFCE17E4AE9} = {02EA681E-C7D8-13C7-8484-4AC65E1B71E8}
		{B5414707-2D05-47C8-BC76-20BAAF67FC2D} = {02EA681E-C7D8-13C7-8484-4AC65E1B71E8}
		{363F88C5-2BC7-5F9D-8897-C5E6666A6D4E} = {12590E6D-34CC-4B85-A9B1-ACFCE17E4AE9}
		{D4B42B13-2D4C-78C4-5C4A-20C108EE7BCF} = {12590E6D-34CC-4B85-A9B1-ACFCE17E4AE9}
		{374D4827-7506-C35D-4BC6-F6B6F6F18786} = {12590E6D-34CC-4B85-A9B1-ACFCE17E4AE9}
		{1C66330B-F3BF-A616-807A-9CEFB9A3FE1D} = {12590E6D-34CC-4B85-A9B1-ACFCE17E4AE9}
		{E4C1C83E-B89D-A339-1550-88046C65C3E9} = {B5414707-2D05-47C8-BC76-20BAAF67FC2D}
	EndGlobalSection
	GlobalSection(ExtensibilityGlobals) = postSolution
		SolutionGuid = {35CB052C-E648-4061-99FE-F12B76856F69}
	EndGlobalSection
EndGlobal
